
Microsoft Visual Studio Solution File, Format Version 12.00
# Visual Studio Version 17
VisualStudioVersion = 17.13.35931.197 d17.13
MinimumVisualStudioVersion = 10.0.40219.1
Project("{2150E333-8FDC-42A3-9474-1A3956D46DE8}") = "Tasks", "Tasks", "{02EA681E-C7D8-13C7-8484-4AC65E1B71E8}"
EndProject
Project("{FAE04EC0-301F-11D3-BF4B-00C04F79EFBC}") = "TasksAPI", "TasksAPI\TasksAPI.csproj", "{9CED8AB4-7D35-4DF8-A4EB-233591C58B9C}"
EndProject
Global
	GlobalSection(SolutionConfigurationPlatforms) = preSolution
		Debug|Any CPU = Debug|Any CPU
		Release|Any CPU = Release|Any CPU
	EndGlobalSection
	GlobalSection(ProjectConfigurationPlatforms) = postSolution
		{9CED8AB4-7D35-4DF8-A4EB-233591C58B9C}.Debug|Any CPU.ActiveCfg = Debug|Any CPU
		{9CED8AB4-7D35-4DF8-A4EB-233591C58B9C}.Debug|Any CPU.Build.0 = Debug|Any CPU
		{9CED8AB4-7D35-4DF8-A4EB-233591C58B9C}.Release|Any CPU.ActiveCfg = Release|Any CPU
		{9CED8AB4-7D35-4DF8-A4EB-233591C58B9C}.Release|Any CPU.Build.0 = Release|Any CPU
	EndGlobalSection
	GlobalSection(SolutionProperties) = preSolution
		HideSolutionNode = FALSE
	EndGlobalSection
	GlobalSection(NestedProjects) = preSolution
		{9CED8AB4-7D35-4DF8-A4EB-233591C58B9C} = {02EA681E-C7D8-13C7-8484-4AC65E1B71E8}
	EndGlobalSection
	GlobalSection(ExtensibilityGlobals) = postSolution
		SolutionGuid = {37D1A429-CCEE-440A-A670-654EDAF0BC5F}
	EndGlobalSection
EndGlobal
